
Microsoft Visual Studio Solution File, Format Version 12.00
# Visual Studio Version 16
VisualStudioVersion = 16.0.28803.202
MinimumVisualStudioVersion = 10.0.40219.1
Project("{FAE04EC0-301F-11D3-BF4B-00C04F79EFBC}") = "HotelReservationSystem", "HotelReservationSystem\HotelReservationSystem.csproj", "{DE83F367-74E1-48FA-BE1B-98901C2B5C01}"
EndProject
Global
	GlobalSection(SolutionConfigurationPlatforms) = preSolution
		Debug|Any CPU = Debug|Any CPU
		Release|Any CPU = Release|Any CPU
	EndGlobalSection
	GlobalSection(ProjectConfigurationPlatforms) = postSolution
		{DE83F367-74E1-48FA-BE1B-98901C2B5C01}.Debug|Any CPU.ActiveCfg = Debug|Any CPU
		{DE83F367-74E1-48FA-BE1B-98901C2B5C01}.Debug|Any CPU.Build.0 = Debug|Any CPU
		{DE83F367-74E1-48FA-BE1B-98901C2B5C01}.Release|Any CPU.ActiveCfg = Release|Any CPU
		{DE83F367-74E1-48FA-BE1B-98901C2B5C01}.Release|Any CPU.Build.0 = Release|Any CPU
	EndGlobalSection
	GlobalSection(SolutionProperties) = preSolution
		HideSolutionNode = FALSE
	EndGlobalSection
	GlobalSection(ExtensibilityGlobals) = postSolution
		SolutionGuid = {EC0F3739-C011-48E9-8036-144B9884B3AB}
	EndGlobalSection
EndGlobal
